
Microsoft Visual Studio Solution File, Format Version 12.00
# Visual Studio Version 16
VisualStudioVersion = 16.0.29025.244
MinimumVisualStudioVersion = 10.0.40219.1
Project("{888888A0-9F3D-457C-B088-3A5042F75D52}") = "Orchestration Help", "Orchestration Help\Orchestration Help.pyproj", "{A2B1B85D-0EFE-48E3-B569-62471A770337}"
EndProject
Global
	GlobalSection(SolutionConfigurationPlatforms) = preSolution
		Debug|Any CPU = Debug|Any CPU
		Release|Any CPU = Release|Any CPU
	EndGlobalSection
	GlobalSection(ProjectConfigurationPlatforms) = postSolution
		{A2B1B85D-0EFE-48E3-B569-62471A770337}.Debug|Any CPU.ActiveCfg = Debug|Any CPU
		{A2B1B85D-0EFE-48E3-B569-62471A770337}.Debug|Any CPU.Build.0 = Debug|Any CPU
		{A2B1B85D-0EFE-48E3-B569-62471A770337}.Release|Any CPU.ActiveCfg = Release|Any CPU
		{A2B1B85D-0EFE-48E3-B569-62471A770337}.Release|Any CPU.Build.0 = Release|Any CPU
	EndGlobalSection
	GlobalSection(SolutionProperties) = preSolution
		HideSolutionNode = FALSE
	EndGlobalSection
	GlobalSection(ExtensibilityGlobals) = postSolution
		SolutionGuid = {FA719DFF-FB45-4D28-BAB0-65A750CF70BE}
	EndGlobalSection
EndGlobal
